Microsoft Visual Studio Solution File, Format Version 11.00
# Visual Studio 2010
Project("{8BC9CEB8-8B4A-11D0-8D11-00A0C91BC942}") = "zzuf", "zzuf.vcxproj", "{2E5723ED-A886-45A9-AAAC-3D02F2EFC358}"
EndProject
Project("{8BC9CEB8-8B4A-11D0-8D11-00A0C91BC942}") = "libzzuf", "libzzuf.vcxproj", "{E658DCE5-E1E5-41C8-910B-1CC2D73C435C}"
EndProject
Global
	GlobalSection(SolutionConfigurationPlatforms) = preSolution
		Debug|Win32 = Debug|Win32
		Release|Win32 = Release|Win32
	EndGlobalSection
	GlobalSection(ProjectConfigurationPlatforms) = postSolution
		{2E5723ED-A886-45A9-AAAC-3D02F2EFC358}.Debug|Win32.ActiveCfg = Debug|Win32
		{2E5723ED-A886-45A9-AAAC-3D02F2EFC358}.Debug|Win32.Build.0 = Debug|Win32
		{2E5723ED-A886-45A9-AAAC-3D02F2EFC358}.Release|Win32.ActiveCfg = Release|Win32
		{2E5723ED-A886-45A9-AAAC-3D02F2EFC358}.Release|Win32.Build.0 = Release|Win32
		{E658DCE5-E1E5-41C8-910B-1CC2D73C435C}.Debug|Win32.ActiveCfg = Debug|Win32
		{E658DCE5-E1E5-41C8-910B-1CC2D73C435C}.Debug|Win32.Build.0 = Debug|Win32
		{E658DCE5-E1E5-41C8-910B-1CC2D73C435C}.Release|Win32.ActiveCfg = Release|Win32
		{E658DCE5-E1E5-41C8-910B-1CC2D73C435C}.Release|Win32.Build.0 = Release|Win32
	EndGlobalSection
	GlobalSection(SolutionProperties) = preSolution
		HideSolutionNode = FALSE
	EndGlobalSection
EndGlobal
